
Microsoft Visual Studio Solution File, Format Version 12.00
# Visual Studio Version 17
VisualStudioVersion = 17.0.31903.59
MinimumVisualStudioVersion = 10.0.40219.1
Project("{2150E333-8FDC-42A3-9474-1A3956D46DE8}") = "services", "services", "{5854FF58-B8C5-05C6-5BF2-ACE42193F22B}"
EndProject
Project("{FAE04EC0-301F-11D3-BF4B-00C04F79EFBC}") = "SinhVienService", "services\SinhVienService\SinhVienService.csproj", "{292BA37B-99A4-4EAB-BE75-357FE7CBF2E0}"
EndProject
Project("{FAE04EC0-301F-11D3-BF4B-00C04F79EFBC}") = "DeTaiService", "services\DeTaiService\DeTaiService.csproj", "{6F37896E-55A8-4220-A440-B58A1748AF29}"
EndProject
Project("{FAE04EC0-301F-11D3-BF4B-00C04F79EFBC}") = "DangKyService", "services\DangKyService\DangKyService.csproj", "{50FBD6F3-5222-403B-B243-4121D841DD99}"
EndProject
Project("{2150E333-8FDC-42A3-9474-1A3956D46DE8}") = "clients", "clients", "{9123F88B-E531-3118-42D7-ED8CEF4BD00E}"
EndProject
Project("{FAE04EC0-301F-11D3-BF4B-00C04F79EFBC}") = "WebClient", "clients\WebClient\WebClient.csproj", "{80B94EDF-44FF-4C97-A4FD-21CE14B6178A}"
EndProject
Project("{FAE04EC0-301F-11D3-BF4B-00C04F79EFBC}") = "AuthService", "services\AuthService\AuthService.csproj", "{62ECF453-1638-4A08-8681-B64B29B8DECF}"
EndProject
Global
	GlobalSection(SolutionConfigurationPlatforms) = preSolution
		Debug|Any CPU = Debug|Any CPU
		Debug|x64 = Debug|x64
		Debug|x86 = Debug|x86
		Release|Any CPU = Release|Any CPU
		Release|x64 = Release|x64
		Release|x86 = Release|x86
	EndGlobalSection
	GlobalSection(ProjectConfigurationPlatforms) = postSolution
		{292BA37B-99A4-4EAB-BE75-357FE7CBF2E0}.Debug|Any CPU.ActiveCfg = Debug|Any CPU
		{292BA37B-99A4-4EAB-BE75-357FE7CBF2E0}.Debug|Any CPU.Build.0 = Debug|Any CPU
		{292BA37B-99A4-4EAB-BE75-357FE7CBF2E0}.Debug|x64.ActiveCfg = Debug|Any CPU
		{292BA37B-99A4-4EAB-BE75-357FE7CBF2E0}.Debug|x64.Build.0 = Debug|Any CPU
		{292BA37B-99A4-4EAB-BE75-357FE7CBF2E0}.Debug|x86.ActiveCfg = Debug|Any CPU
		{292BA37B-99A4-4EAB-BE75-357FE7CBF2E0}.Debug|x86.Build.0 = Debug|Any CPU
		{292BA37B-99A4-4EAB-BE75-357FE7CBF2E0}.Release|Any CPU.ActiveCfg = Release|Any CPU
		{292BA37B-99A4-4EAB-BE75-357FE7CBF2E0}.Release|Any CPU.Build.0 = Release|Any CPU
		{292BA37B-99A4-4EAB-BE75-357FE7CBF2E0}.Release|x64.ActiveCfg = Release|Any CPU
		{292BA37B-99A4-4EAB-BE75-357FE7CBF2E0}.Release|x64.Build.0 = Release|Any CPU
		{292BA37B-99A4-4EAB-BE75-357FE7CBF2E0}.Release|x86.ActiveCfg = Release|Any CPU
		{292BA37B-99A4-4EAB-BE75-357FE7CBF2E0}.Release|x86.Build.0 = Release|Any CPU
		{6F37896E-55A8-4220-A440-B58A1748AF29}.Debug|Any CPU.ActiveCfg = Debug|Any CPU
		{6F37896E-55A8-4220-A440-B58A1748AF29}.Debug|Any CPU.Build.0 = Debug|Any CPU
		{6F37896E-55A8-4220-A440-B58A1748AF29}.Debug|x64.ActiveCfg = Debug|Any CPU
		{6F37896E-55A8-4220-A440-B58A1748AF29}.Debug|x64.Build.0 = Debug|Any CPU
		{6F37896E-55A8-4220-A440-B58A1748AF29}.Debug|x86.ActiveCfg = Debug|Any CPU
		{6F37896E-55A8-4220-A440-B58A1748AF29}.Debug|x86.Build.0 = Debug|Any CPU
		{6F37896E-55A8-4220-A440-B58A1748AF29}.Release|Any CPU.ActiveCfg = Release|Any CPU
		{6F37896E-55A8-4220-A440-B58A1748AF29}.Release|Any CPU.Build.0 = Release|Any CPU
		{6F37896E-55A8-4220-A440-B58A1748AF29}.Release|x64.ActiveCfg = Release|Any CPU
		{6F37896E-55A8-4220-A440-B58A1748AF29}.Release|x64.Build.0 = Release|Any CPU
		{6F37896E-55A8-4220-A440-B58A1748AF29}.Release|x86.ActiveCfg = Release|Any CPU
		{6F37896E-55A8-4220-A440-B58A1748AF29}.Release|x86.Build.0 = Release|Any CPU
		{50FBD6F3-5222-403B-B243-4121D841DD99}.Debug|Any CPU.ActiveCfg = Debug|Any CPU
		{50FBD6F3-5222-403B-B243-4121D841DD99}.Debug|Any CPU.Build.0 = Debug|Any CPU
		{50FBD6F3-5222-403B-B243-4121D841DD99}.Debug|x64.ActiveCfg = Debug|Any CPU
		{50FBD6F3-5222-403B-B243-4121D841DD99}.Debug|x64.Build.0 = Debug|Any CPU
		{50FBD6F3-5222-403B-B243-4121D841DD99}.Debug|x86.ActiveCfg = Debug|Any CPU
		{50FBD6F3-5222-403B-B243-4121D841DD99}.Debug|x86.Build.0 = Debug|Any CPU
		{50FBD6F3-5222-403B-B243-4121D841DD99}.Release|Any CPU.ActiveCfg = Release|Any CPU
		{50FBD6F3-5222-403B-B243-4121D841DD99}.Release|Any CPU.Build.0 = Release|Any CPU
		{50FBD6F3-5222-403B-B243-4121D841DD99}.Release|x64.ActiveCfg = Release|Any CPU
		{50FBD6F3-5222-403B-B243-4121D841DD99}.Release|x64.Build.0 = Release|Any CPU
		{50FBD6F3-5222-403B-B243-4121D841DD99}.Release|x86.ActiveCfg = Release|Any CPU
		{50FBD6F3-5222-403B-B243-4121D841DD99}.Release|x86.Build.0 = Release|Any CPU
		{80B94EDF-44FF-4C97-A4FD-21CE14B6178A}.Debug|Any CPU.ActiveCfg = Debug|Any CPU
		{80B94EDF-44FF-4C97-A4FD-21CE14B6178A}.Debug|Any CPU.Build.0 = Debug|Any CPU
		{80B94EDF-44FF-4C97-A4FD-21CE14B6178A}.Debug|x64.ActiveCfg = Debug|Any CPU
		{80B94EDF-44FF-4C97-A4FD-21CE14B6178A}.Debug|x64.Build.0 = Debug|Any CPU
		{80B94EDF-44FF-4C97-A4FD-21CE14B6178A}.Debug|x86.ActiveCfg = Debug|Any CPU
		{80B94EDF-44FF-4C97-A4FD-21CE14B6178A}.Debug|x86.Build.0 = Debug|Any CPU
		{80B94EDF-44FF-4C97-A4FD-21CE14B6178A}.Release|Any CPU.ActiveCfg = Release|Any CPU
		{80B94EDF-44FF-4C97-A4FD-21CE14B6178A}.Release|Any CPU.Build.0 = Release|Any CPU
		{80B94EDF-44FF-4C97-A4FD-21CE14B6178A}.Release|x64.ActiveCfg = Release|Any CPU
		{80B94EDF-44FF-4C97-A4FD-21CE14B6178A}.Release|x64.Build.0 = Release|Any CPU
		{80B94EDF-44FF-4C97-A4FD-21CE14B6178A}.Release|x86.ActiveCfg = Release|Any CPU
		{80B94EDF-44FF-4C97-A4FD-21CE14B6178A}.Release|x86.Build.0 = Release|Any CPU
		{62ECF453-1638-4A08-8681-B64B29B8DECF}.Debug|Any CPU.ActiveCfg = Debug|Any CPU
		{62ECF453-1638-4A08-8681-B64B29B8DECF}.Debug|Any CPU.Build.0 = Debug|Any CPU
		{62ECF453-1638-4A08-8681-B64B29B8DECF}.Debug|x64.ActiveCfg = Debug|Any CPU
		{62ECF453-1638-4A08-8681-B64B29B8DECF}.Debug|x64.Build.0 = Debug|Any CPU
		{62ECF453-1638-4A08-8681-B64B29B8DECF}.Debug|x86.ActiveCfg = Debug|Any CPU
		{62ECF453-1638-4A08-8681-B64B29B8DECF}.Debug|x86.Build.0 = Debug|Any CPU
		{62ECF453-1638-4A08-8681-B64B29B8DECF}.Release|Any CPU.ActiveCfg = Release|Any CPU
		{62ECF453-1638-4A08-8681-B64B29B8DECF}.Release|Any CPU.Build.0 = Release|Any CPU
		{62ECF453-1638-4A08-8681-B64B29B8DECF}.Release|x64.ActiveCfg = Release|Any CPU
		{62ECF453-1638-4A08-8681-B64B29B8DECF}.Release|x64.Build.0 = Release|Any CPU
		{62ECF453-1638-4A08-8681-B64B29B8DECF}.Release|x86.ActiveCfg = Release|Any CPU
		{62ECF453-1638-4A08-8681-B64B29B8DECF}.Release|x86.Build.0 = Release|Any CPU
	EndGlobalSection
	GlobalSection(SolutionProperties) = preSolution
		HideSolutionNode = FALSE
	EndGlobalSection
	GlobalSection(NestedProjects) = preSolution
		{292BA37B-99A4-4EAB-BE75-357FE7CBF2E0} = {5854FF58-B8C5-05C6-5BF2-ACE42193F22B}
		{6F37896E-55A8-4220-A440-B58A1748AF29} = {5854FF58-B8C5-05C6-5BF2-ACE42193F22B}
		{50FBD6F3-5222-403B-B243-4121D841DD99} = {5854FF58-B8C5-05C6-5BF2-ACE42193F22B}
		{80B94EDF-44FF-4C97-A4FD-21CE14B6178A} = {9123F88B-E531-3118-42D7-ED8CEF4BD00E}
		{62ECF453-1638-4A08-8681-B64B29B8DECF} = {5854FF58-B8C5-05C6-5BF2-ACE42193F22B}
	EndGlobalSection
EndGlobal
